
Microsoft Visual Studio Solution File, Format Version 12.00
# Visual Studio 2012
Project("{FAE04EC0-301F-11D3-BF4B-00C04F79EFBC}") = "VitaDock-DNOA-Sample", "VitaDock-DNOA-Sample\VitaDock-DNOA-Sample.csproj", "{05B50744-B6BD-4779-9FC1-E26888CD8EC1}"
EndProject
Global
	GlobalSection(SolutionConfigurationPlatforms) = preSolution
		Debug|Any CPU = Debug|Any CPU
		Release|Any CPU = Release|Any CPU
	EndGlobalSection
	GlobalSection(ProjectConfigurationPlatforms) = postSolution
		{05B50744-B6BD-4779-9FC1-E26888CD8EC1}.Debug|Any CPU.ActiveCfg = Debug|Any CPU
		{05B50744-B6BD-4779-9FC1-E26888CD8EC1}.Debug|Any CPU.Build.0 = Debug|Any CPU
		{05B50744-B6BD-4779-9FC1-E26888CD8EC1}.Release|Any CPU.ActiveCfg = Release|Any CPU
		{05B50744-B6BD-4779-9FC1-E26888CD8EC1}.Release|Any CPU.Build.0 = Release|Any CPU
	EndGlobalSection
	GlobalSection(SolutionProperties) = preSolution
		HideSolutionNode = FALSE
	EndGlobalSection
EndGlobal
